// !$*UTF8*$!
{
	archiveVersion = 1;
	classes = {
	};
	objectVersion = 46;
	objects = {

/* Begin PBXBuildFile section */
		056596B41EB0D9F7002F6A98 /* TestViewController.swift in Sources */ = {isa = PBXBuildFile; fileRef = 056596B31EB0D9F7002F6A98 /* TestViewController.swift */; };
		056596B61EB0DA64002F6A98 /* TestView.swift in Sources */ = {isa = PBXBuildFile; fileRef = 056596B51EB0DA64002F6A98 /* TestView.swift */; };
		05990D3F1EB8A58E00D92588 /* CloudKit.framework in Frameworks */ = {isa = PBXBuildFile; fileRef = 05990D3E1EB8A58E00D92588 /* CloudKit.framework */; };
		05B9EA731EAE5F54001706E5 /* AppDelegate.swift in Sources */ = {isa = PBXBuildFile; fileRef = 05B9EA721EAE5F54001706E5 /* AppDelegate.swift */; };
		05B9EA781EAE5F54001706E5 /* Main.storyboard in Resources */ = {isa = PBXBuildFile; fileRef = 05B9EA761EAE5F54001706E5 /* Main.storyboard */; };
		05B9EA7B1EAE5F54001706E5 /* Telemedicina.xcdatamodeld in Sources */ = {isa = PBXBuildFile; fileRef = 05B9EA791EAE5F54001706E5 /* Telemedicina.xcdatamodeld */; };
		05B9EA7D1EAE5F54001706E5 /* Assets.xcassets in Resources */ = {isa = PBXBuildFile; fileRef = 05B9EA7C1EAE5F54001706E5 /* Assets.xcassets */; };
		05B9EA801EAE5F54001706E5 /* LaunchScreen.storyboard in Resources */ = {isa = PBXBuildFile; fileRef = 05B9EA7E1EAE5F54001706E5 /* LaunchScreen.storyboard */; };
		05B9EA991EAE659B001706E5 /* AddNewPatientViewController.swift in Sources */ = {isa = PBXBuildFile; fileRef = 05B9EA871EAE659B001706E5 /* AddNewPatientViewController.swift */; };
		05B9EA9A1EAE659B001706E5 /* ChartLineView.swift in Sources */ = {isa = PBXBuildFile; fileRef = 05B9EA881EAE659B001706E5 /* ChartLineView.swift */; };
		05B9EA9B1EAE659B001706E5 /* HomePageViewController.swift in Sources */ = {isa = PBXBuildFile; fileRef = 05B9EA891EAE659B001706E5 /* HomePageViewController.swift */; };
		05B9EA9C1EAE659B001706E5 /* OperationTabBarController.swift in Sources */ = {isa = PBXBuildFile; fileRef = 05B9EA8A1EAE659B001706E5 /* OperationTabBarController.swift */; };
		05B9EA9D1EAE659B001706E5 /* OperationTableViewCell.swift in Sources */ = {isa = PBXBuildFile; fileRef = 05B9EA8B1EAE659B001706E5 /* OperationTableViewCell.swift */; };
		05B9EA9E1EAE659B001706E5 /* OperationTableViewController.swift in Sources */ = {isa = PBXBuildFile; fileRef = 05B9EA8C1EAE659B001706E5 /* OperationTableViewController.swift */; };
		05B9EA9F1EAE659B001706E5 /* OperationViewController.swift in Sources */ = {isa = PBXBuildFile; fileRef = 05B9EA8D1EAE659B001706E5 /* OperationViewController.swift */; };
		05B9EAA01EAE659B001706E5 /* PatientPOJO.swift in Sources */ = {isa = PBXBuildFile; fileRef = 05B9EA8E1EAE659B001706E5 /* PatientPOJO.swift */; };
		05B9EAA11EAE659B001706E5 /* PatientValidator.swift in Sources */ = {isa = PBXBuildFile; fileRef = 05B9EA8F1EAE659B001706E5 /* PatientValidator.swift */; };
		05B9EAA21EAE659B001706E5 /* ResultCalculator.swift in Sources */ = {isa = PBXBuildFile; fileRef = 05B9EA901EAE659B001706E5 /* ResultCalculator.swift */; };
		05B9EAA31EAE659B001706E5 /* ResultChartView.swift in Sources */ = {isa = PBXBuildFile; fileRef = 05B9EA911EAE659B001706E5 /* ResultChartView.swift */; };
		05B9EAA41EAE659B001706E5 /* ResultChartViewController.swift in Sources */ = {isa = PBXBuildFile; fileRef = 05B9EA921EAE659B001706E5 /* ResultChartViewController.swift */; };
		05B9EAA51EAE659B001706E5 /* ResultsTabBarController.swift in Sources */ = {isa = PBXBuildFile; fileRef = 05B9EA931EAE659B001706E5 /* ResultsTabBarController.swift */; };
		05B9EAA61EAE659B001706E5 /* ResultsTableViewController.swift in Sources */ = {isa = PBXBuildFile; fileRef = 05B9EA941EAE659B001706E5 /* ResultsTableViewController.swift */; };
		05B9EAA71EAE659B001706E5 /* ResultTableViewCell.swift in Sources */ = {isa = PBXBuildFile; fileRef = 05B9EA951EAE659B001706E5 /* ResultTableViewCell.swift */; };
		05B9EAA81EAE659B001706E5 /* ScoreTable.swift in Sources */ = {isa = PBXBuildFile; fileRef = 05B9EA961EAE659B001706E5 /* ScoreTable.swift */; };
		05B9EAA91EAE659B001706E5 /* SelectPatientTableViewCell.swift in Sources */ = {isa = PBXBuildFile; fileRef = 05B9EA971EAE659B001706E5 /* SelectPatientTableViewCell.swift */; };
		05B9EAAA1EAE659B001706E5 /* SelectPatientTableViewController.swift in Sources */ = {isa = PBXBuildFile; fileRef = 05B9EA981EAE659B001706E5 /* SelectPatientTableViewController.swift */; };
/* End PBXBuildFile section */

/* Begin PBXFileReference section */
		056596B31EB0D9F7002F6A98 /* TestViewController.swift */ = {isa = PBXFileReference; fileEncoding = 4; lastKnownFileType = sourcecode.swift; path = TestViewController.swift; sourceTree = "<group>"; };
		056596B51EB0DA64002F6A98 /* TestView.swift */ = {isa = PBXFileReference; fileEncoding = 4; lastKnownFileType = sourcecode.swift; path = TestView.swift; sourceTree = "<group>"; };
		056596B71EB21024002F6A98 /* Telemedicina.entitlements */ = {isa = PBXFileReference; lastKnownFileType = text.plist.entitlements; path = Telemedicina.entitlements; sourceTree = "<group>"; };
		05990D3E1EB8A58E00D92588 /* CloudKit.framework */ = {isa = PBXFileReference; lastKnownFileType = wrapper.framework; name = CloudKit.framework; path = System/Library/Frameworks/CloudKit.framework; sourceTree = SDKROOT; };
		05B9EA6F1EAE5F54001706E5 /* Telemedicina.app */ = {isa = PBXFileReference; explicitFileType = wrapper.application; includeInIndex = 0; path = Telemedicina.app; sourceTree = BUILT_PRODUCTS_DIR; };
		05B9EA721EAE5F54001706E5 /* AppDelegate.swift */ = {isa = PBXFileReference; lastKnownFileType = sourcecode.swift; path = AppDelegate.swift; sourceTree = "<group>"; };
		05B9EA771EAE5F54001706E5 /* Base */ = {isa = PBXFileReference; lastKnownFileType = file.storyboard; name = Base; path = Base.lproj/Main.storyboard; sourceTree = "<group>"; };
		05B9EA7A1EAE5F54001706E5 /* Telemedicina.xcdatamodel */ = {isa = PBXFileReference; lastKnownFileType = wrapper.xcdatamodel; path = Telemedicina.xcdatamodel; sourceTree = "<group>"; };
		05B9EA7C1EAE5F54001706E5 /* Assets.xcassets */ = {isa = PBXFileReference; lastKnownFileType = folder.assetcatalog; path = Assets.xcassets; sourceTree = "<group>"; };
		05B9EA7F1EAE5F54001706E5 /* Base */ = {isa = PBXFileReference; lastKnownFileType = file.storyboard; name = Base; path = Base.lproj/LaunchScreen.storyboard; sourceTree = "<group>"; };
		05B9EA811EAE5F54001706E5 /* Info.plist */ = {isa = PBXFileReference; lastKnownFileType = text.plist.xml; path = Info.plist; sourceTree = "<group>"; };
		05B9EA871EAE659B001706E5 /* AddNewPatientViewController.swift */ = {isa = PBXFileReference; fileEncoding = 4; lastKnownFileType = sourcecode.swift; path = AddNewPatientViewController.swift; sourceTree = "<group>"; };
		05B9EA881EAE659B001706E5 /* ChartLineView.swift */ = {isa = PBXFileReference; fileEncoding = 4; lastKnownFileType = sourcecode.swift; path = ChartLineView.swift; sourceTree = "<group>"; };
		05B9EA891EAE659B001706E5 /* HomePageViewController.swift */ = {isa = PBXFileReference; fileEncoding = 4; lastKnownFileType = sourcecode.swift; path = HomePageViewController.swift; sourceTree = "<group>"; };
		05B9EA8A1EAE659B001706E5 /* OperationTabBarController.swift */ = {isa = PBXFileReference; fileEncoding = 4; lastKnownFileType = sourcecode.swift; path = OperationTabBarController.swift; sourceTree = "<group>"; };
		05B9EA8B1EAE659B001706E5 /* OperationTableViewCell.swift */ = {isa = PBXFileReference; fileEncoding = 4; lastKnownFileType = sourcecode.swift; path = OperationTableViewCell.swift; sourceTree = "<group>"; };
		05B9EA8C1EAE659B001706E5 /* OperationTableViewController.swift */ = {isa = PBXFileReference; fileEncoding = 4; lastKnownFileType = sourcecode.swift; path = OperationTableViewController.swift; sourceTree = "<group>"; };
		05B9EA8D1EAE659B001706E5 /* OperationViewController.swift */ = {isa = PBXFileReference; fileEncoding = 4; lastKnownFileType = sourcecode.swift; path = OperationViewController.swift; sourceTree = "<group>"; };
		05B9EA8E1EAE659B001706E5 /* PatientPOJO.swift */ = {isa = PBXFileReference; fileEncoding = 4; lastKnownFileType = sourcecode.swift; path = PatientPOJO.swift; sourceTree = "<group>"; };
		05B9EA8F1EAE659B001706E5 /* PatientValidator.swift */ = {isa = PBXFileReference; fileEncoding = 4; lastKnownFileType = sourcecode.swift; path = PatientValidator.swift; sourceTree = "<group>"; };
		05B9EA901EAE659B001706E5 /* ResultCalculator.swift */ = {isa = PBXFileReference; fileEncoding = 4; lastKnownFileType = sourcecode.swift; path = ResultCalculator.swift; sourceTree = "<group>"; };
		05B9EA911EAE659B001706E5 /* ResultChartView.swift */ = {isa = PBXFileReference; fileEncoding = 4; lastKnownFileType = sourcecode.swift; path = ResultChartView.swift; sourceTree = "<group>"; };
		05B9EA921EAE659B001706E5 /* ResultChartViewController.swift */ = {isa = PBXFileReference; fileEncoding = 4; lastKnownFileType = sourcecode.swift; path = ResultChartViewController.swift; sourceTree = "<group>"; };
		05B9EA931EAE659B001706E5 /* ResultsTabBarController.swift */ = {isa = PBXFileReference; fileEncoding = 4; lastKnownFileType = sourcecode.swift; path = ResultsTabBarController.swift; sourceTree = "<group>"; };
		05B9EA941EAE659B001706E5 /* ResultsTableViewController.swift */ = {isa = PBXFileReference; fileEncoding = 4; lastKnownFileType = sourcecode.swift; path = ResultsTableViewController.swift; sourceTree = "<group>"; };
		05B9EA951EAE659B001706E5 /* ResultTableViewCell.swift */ = {isa = PBXFileReference; fileEncoding = 4; lastKnownFileType = sourcecode.swift; path = ResultTableViewCell.swift; sourceTree = "<group>"; };
		05B9EA961EAE659B001706E5 /* ScoreTable.swift */ = {isa = PBXFileReference; fileEncoding = 4; lastKnownFileType = sourcecode.swift; path = ScoreTable.swift; sourceTree = "<group>"; };
		05B9EA971EAE659B001706E5 /* SelectPatientTableViewCell.swift */ = {isa = PBXFileReference; fileEncoding = 4; lastKnownFileType = sourcecode.swift; path = SelectPatientTableViewCell.swift; sourceTree = "<group>"; };
		05B9EA981EAE659B001706E5 /* SelectPatientTableViewController.swift */ = {isa = PBXFileReference; fileEncoding = 4; lastKnownFileType = sourcecode.swift; path = SelectPatientTableViewController.swift; sourceTree = "<group>"; };
/* End PBXFileReference section */

/* Begin PBXFrameworksBuildPhase section */
		05B9EA6C1EAE5F54001706E5 /* Frameworks */ = {
			isa = PBXFrameworksBuildPhase;
			buildActionMask = 2147483647;
			files = (
				05990D3F1EB8A58E00D92588 /* CloudKit.framework in Frameworks */,
			);
			runOnlyForDeploymentPostprocessing = 0;
		};
/* End PBXFrameworksBuildPhase section */

/* Begin PBXGroup section */
		056596B81EB21038002F6A98 /* Frameworks */ = {
			isa = PBXGroup;
			children = (
				05990D3E1EB8A58E00D92588 /* CloudKit.framework */,
			);
			name = Frameworks;
			sourceTree = "<group>";
		};
		05B9EA661EAE5F54001706E5 = {
			isa = PBXGroup;
			children = (
				05B9EA711EAE5F54001706E5 /* Telemedicina */,
				05B9EA701EAE5F54001706E5 /* Products */,
				056596B81EB21038002F6A98 /* Frameworks */,
			);
			sourceTree = "<group>";
		};
		05B9EA701EAE5F54001706E5 /* Products */ = {
			isa = PBXGroup;
			children = (
				05B9EA6F1EAE5F54001706E5 /* Telemedicina.app */,
			);
			name = Products;
			sourceTree = "<group>";
		};
		05B9EA711EAE5F54001706E5 /* Telemedicina */ = {
			isa = PBXGroup;
			children = (
				056596B71EB21024002F6A98 /* Telemedicina.entitlements */,
				05B9EA961EAE659B001706E5 /* ScoreTable.swift */,
				05B9EA901EAE659B001706E5 /* ResultCalculator.swift */,
				05B9EA761EAE5F54001706E5 /* Main.storyboard */,
				05B9EAB71EAE69B9001706E5 /* Controllers */,
				05B9EAB81EAE69CD001706E5 /* Views */,
				05B9EABB1EAE69E7001706E5 /* TableViewCells */,
				05B9EABA1EAE69DA001706E5 /* Validators */,
				05B9EAB91EAE69D4001706E5 /* POJO */,
				05B9EABC1EAE69F8001706E5 /* Supporting Files */,
			);
			path = Telemedicina;
			sourceTree = "<group>";
		};
		05B9EAB71EAE69B9001706E5 /* Controllers */ = {
			isa = PBXGroup;
			children = (
				05B9EA891EAE659B001706E5 /* HomePageViewController.swift */,
				05B9EA871EAE659B001706E5 /* AddNewPatientViewController.swift */,
				05B9EA8D1EAE659B001706E5 /* OperationViewController.swift */,
				05B9EA981EAE659B001706E5 /* SelectPatientTableViewController.swift */,
				05B9EA8C1EAE659B001706E5 /* OperationTableViewController.swift */,
				05B9EA8A1EAE659B001706E5 /* OperationTabBarController.swift */,
				05B9EA941EAE659B001706E5 /* ResultsTableViewController.swift */,
				05B9EA931EAE659B001706E5 /* ResultsTabBarController.swift */,
				05B9EA921EAE659B001706E5 /* ResultChartViewController.swift */,
				056596B31EB0D9F7002F6A98 /* TestViewController.swift */,
				056596B51EB0DA64002F6A98 /* TestView.swift */,
			);
			name = Controllers;
			sourceTree = "<group>";
		};
		05B9EAB81EAE69CD001706E5 /* Views */ = {
			isa = PBXGroup;
			children = (
				05B9EA911EAE659B001706E5 /* ResultChartView.swift */,
				05B9EA881EAE659B001706E5 /* ChartLineView.swift */,
			);
			name = Views;
			sourceTree = "<group>";
		};
		05B9EAB91EAE69D4001706E5 /* POJO */ = {
			isa = PBXGroup;
			children = (
				05B9EA8E1EAE659B001706E5 /* PatientPOJO.swift */,
			);
			name = POJO;
			sourceTree = "<group>";
		};
		05B9EABA1EAE69DA001706E5 /* Validators */ = {
			isa = PBXGroup;
			children = (
				05B9EA8F1EAE659B001706E5 /* PatientValidator.swift */,
			);
			name = Validators;
			sourceTree = "<group>";
		};
		05B9EABB1EAE69E7001706E5 /* TableViewCells */ = {
			isa = PBXGroup;
			children = (
				05B9EA971EAE659B001706E5 /* SelectPatientTableViewCell.swift */,
				05B9EA8B1EAE659B001706E5 /* OperationTableViewCell.swift */,
				05B9EA951EAE659B001706E5 /* ResultTableViewCell.swift */,
			);
			name = TableViewCells;
			sourceTree = "<group>";
		};
		05B9EABC1EAE69F8001706E5 /* Supporting Files */ = {
			isa = PBXGroup;
			children = (
				05B9EA721EAE5F54001706E5 /* AppDelegate.swift */,
				05B9EA7C1EAE5F54001706E5 /* Assets.xcassets */,
				05B9EA7E1EAE5F54001706E5 /* LaunchScreen.storyboard */,
				05B9EA811EAE5F54001706E5 /* Info.plist */,
				05B9EA791EAE5F54001706E5 /* Telemedicina.xcdatamodeld */,
			);
			name = "Supporting Files";
			sourceTree = "<group>";
		};
/* End PBXGroup section */

/* Begin PBXNativeTarget section */
		05B9EA6E1EAE5F54001706E5 /* Telemedicina */ = {
			isa = PBXNativeTarget;
			buildConfigurationList = 05B9EA841EAE5F54001706E5 /* Build configuration list for PBXNativeTarget "Telemedicina" */;
			buildPhases = (
				05B9EA6B1EAE5F54001706E5 /* Sources */,
				05B9EA6C1EAE5F54001706E5 /* Frameworks */,
				05B9EA6D1EAE5F54001706E5 /* Resources */,
			);
			buildRules = (
			);
			dependencies = (
			);
			name = Telemedicina;
			productName = Telemedicina;
			productReference = 05B9EA6F1EAE5F54001706E5 /* Telemedicina.app */;
			productType = "com.apple.product-type.application";
		};
/* End PBXNativeTarget section */

/* Begin PBXProject section */
		05B9EA671EAE5F54001706E5 /* Project object */ = {
			isa = PBXProject;
			attributes = {
				LastSwiftUpdateCheck = 0830;
				LastUpgradeCheck = 0830;
				ORGANIZATIONNAME = SZTE;
				TargetAttributes = {
					05B9EA6E1EAE5F54001706E5 = {
						CreatedOnToolsVersion = 8.3.1;
						DevelopmentTeam = 672N4LBH7M;
						ProvisioningStyle = Automatic;
						SystemCapabilities = {
							com.apple.Push = {
								enabled = 1;
							};
							com.apple.iCloud = {
								enabled = 1;
							};
						};
					};
				};
			};
			buildConfigurationList = 05B9EA6A1EAE5F54001706E5 /* Build configuration list for PBXProject "Telemedicina" */;
			compatibilityVersion = "Xcode 3.2";
			developmentRegion = English;
			hasScannedForEncodings = 0;
			knownRegions = (
				en,
				Base,
			);
			mainGroup = 05B9EA661EAE5F54001706E5;
			productRefGroup = 05B9EA701EAE5F54001706E5 /* Products */;
			projectDirPath = "";
			projectRoot = "";
			targets = (
				05B9EA6E1EAE5F54001706E5 /* Telemedicina */,
			);
		};
/* End PBXProject section */

/* Begin PBXResourcesBuildPhase section */
		05B9EA6D1EAE5F54001706E5 /* Resources */ = {
			isa = PBXResourcesBuildPhase;
			buildActionMask = 2147483647;
			files = (
				05B9EA801EAE5F54001706E5 /* LaunchScreen.storyboard in Resources */,
				05B9EA7D1EAE5F54001706E5 /* Assets.xcassets in Resources */,
				05B9EA781EAE5F54001706E5 /* Main.storyboard in Resources */,
			);
			runOnlyForDeploymentPostprocessing = 0;
		};
/* End PBXResourcesBuildPhase section */

/* Begin PBXSourcesBuildPhase section */
		05B9EA6B1EAE5F54001706E5 /* Sources */ = {
			isa = PBXSourcesBuildPhase;
			buildActionMask = 2147483647;
			files = (
				05B9EAA81EAE659B001706E5 /* ScoreTable.swift in Sources */,
				05B9EAA61EAE659B001706E5 /* ResultsTableViewController.swift in Sources */,
				056596B61EB0DA64002F6A98 /* TestView.swift in Sources */,
				05B9EA9C1EAE659B001706E5 /* OperationTabBarController.swift in Sources */,
				05B9EA9A1EAE659B001706E5 /* ChartLineView.swift in Sources */,
				05B9EA9D1EAE659B001706E5 /* OperationTableViewCell.swift in Sources */,
				05B9EAA11EAE659B001706E5 /* PatientValidator.swift in Sources */,
				05B9EA9E1EAE659B001706E5 /* OperationTableViewController.swift in Sources */,
				056596B41EB0D9F7002F6A98 /* TestViewController.swift in Sources */,
				05B9EAA31EAE659B001706E5 /* ResultChartView.swift in Sources */,
				05B9EAA01EAE659B001706E5 /* PatientPOJO.swift in Sources */,
				05B9EAAA1EAE659B001706E5 /* SelectPatientTableViewController.swift in Sources */,
				05B9EAA91EAE659B001706E5 /* SelectPatientTableViewCell.swift in Sources */,
				05B9EA9B1EAE659B001706E5 /* HomePageViewController.swift in Sources */,
				05B9EAA21EAE659B001706E5 /* ResultCalculator.swift in Sources */,
				05B9EAA51EAE659B001706E5 /* ResultsTabBarController.swift in Sources */,
				05B9EA9F1EAE659B001706E5 /* OperationViewController.swift in Sources */,
				05B9EA991EAE659B001706E5 /* AddNewPatientViewController.swift in Sources */,
				05B9EA731EAE5F54001706E5 /* AppDelegate.swift in Sources */,
				05B9EAA41EAE659B001706E5 /* ResultChartViewController.swift in Sources */,
				05B9EAA71EAE659B001706E5 /* ResultTableViewCell.swift in Sources */,
				05B9EA7B1EAE5F54001706E5 /* Telemedicina.xcdatamodeld in Sources */,
			);
			runOnlyForDeploymentPostprocessing = 0;
		};
/* End PBXSourcesBuildPhase section */

/* Begin PBXVariantGroup section */
		05B9EA761EAE5F54001706E5 /* Main.storyboard */ = {
			isa = PBXVariantGroup;
			children = (
				05B9EA771EAE5F54001706E5 /* Base */,
			);
			name = Main.storyboard;
			sourceTree = "<group>";
		};
		05B9EA7E1EAE5F54001706E5 /* LaunchScreen.storyboard */ = {
			isa = PBXVariantGroup;
			children = (
				05B9EA7F1EAE5F54001706E5 /* Base */,
			);
			name = LaunchScreen.storyboard;
			sourceTree = "<group>";
		};
/* End PBXVariantGroup section */

/* Begin XCBuildConfiguration section */
		05B9EA821EAE5F54001706E5 /* Debug */ = {
			isa = XCBuildConfiguration;
			buildSettings = {
				ALWAYS_SEARCH_USER_PATHS = NO;
				CLANG_ANALYZER_NONNULL = YES;
				CLANG_ANALYZER_NUMBER_OBJECT_CONVERSION = YES_AGGRESSIVE;
				CLANG_CXX_LANGUAGE_STANDARD = "gnu++0x";
				CLANG_CXX_LIBRARY = "libc++";
				CLANG_ENABLE_MODULES = YES;
				CLANG_ENABLE_OBJC_ARC = YES;
				CLANG_WARN_BOOL_CONVERSION = YES;
				CLANG_WARN_CONSTANT_CONVERSION = YES;
				CLANG_WARN_DIRECT_OBJC_ISA_USAGE = YES_ERROR;
				CLANG_WARN_DOCUMENTATION_COMMENTS = YES;
				CLANG_WARN_EMPTY_BODY = YES;
				CLANG_WARN_ENUM_CONVERSION = YES;
				CLANG_WARN_INFINITE_RECURSION = YES;
				CLANG_WARN_INT_CONVERSION = YES;
				CLANG_WARN_OBJC_ROOT_CLASS = YES_ERROR;
				CLANG_WARN_SUSPICIOUS_MOVE = YES;
				CLANG_WARN_UNREACHABLE_CODE = YES;
				CLANG_WARN__DUPLICATE_METHOD_MATCH = YES;
				"CODE_SIGN_IDENTITY[sdk=iphoneos*]" = "iPhone Developer";
				COPY_PHASE_STRIP = NO;
				DEBUG_INFORMATION_FORMAT = dwarf;
				ENABLE_STRICT_OBJC_MSGSEND = YES;
				ENABLE_TESTABILITY = YES;
				GCC_C_LANGUAGE_STANDARD = gnu99;
				GCC_DYNAMIC_NO_PIC = NO;
				GCC_NO_COMMON_BLOCKS = YES;
				GCC_OPTIMIZATION_LEVEL = 0;
				GCC_PREPROCESSOR_DEFINITIONS = (
					"DEBUG=1",
					"$(inherited)",
				);
				GCC_WARN_64_TO_32_BIT_CONVERSION = YES;
				GCC_WARN_ABOUT_RETURN_TYPE = YES_ERROR;
				GCC_WARN_UNDECLARED_SELECTOR = YES;
				GCC_WARN_UNINITIALIZED_AUTOS = YES_AGGRESSIVE;
				GCC_WARN_UNUSED_FUNCTION = YES;
				GCC_WARN_UNUSED_VARIABLE = YES;
				IPHONEOS_DEPLOYMENT_TARGET = 10.3;
				MTL_ENABLE_DEBUG_INFO = YES;
				ONLY_ACTIVE_ARCH = YES;
				SDKROOT = iphoneos;
				SWIFT_ACTIVE_COMPILATION_CONDITIONS = DEBUG;
				SWIFT_OPTIMIZATION_LEVEL = "-Onone";
				TARGETED_DEVICE_FAMILY = "1,2";
			};
			name = Debug;
		};
		05B9EA831EAE5F54001706E5 /* Release */ = {
			isa = XCBuildConfiguration;
			buildSettings = {
				ALWAYS_SEARCH_USER_PATHS = NO;
				CLANG_ANALYZER_NONNULL = YES;
				CLANG_ANALYZER_NUMBER_OBJECT_CONVERSION = YES_AGGRESSIVE;
				CLANG_CXX_LANGUAGE_STANDARD = "gnu++0x";
				CLANG_CXX_LIBRARY = "libc++";
				CLANG_ENABLE_MODULES = YES;
				CLANG_ENABLE_OBJC_ARC = YES;
				CLANG_WARN_BOOL_CONVERSION = YES;
				CLANG_WARN_CONSTANT_CONVERSION = YES;
				CLANG_WARN_DIRECT_OBJC_ISA_USAGE = YES_ERROR;
				CLANG_WARN_DOCUMENTATION_COMMENTS = YES;
				CLANG_WARN_EMPTY_BODY = YES;
				CLANG_WARN_ENUM_CONVERSION = YES;
				CLANG_WARN_INFINITE_RECURSION = YES;
				CLANG_WARN_INT_CONVERSION = YES;
				CLANG_WARN_OBJC_ROOT_CLASS = YES_ERROR;
				CLANG_WARN_SUSPICIOUS_MOVE = YES;
				CLANG_WARN_UNREACHABLE_CODE = YES;
				CLANG_WARN__DUPLICATE_METHOD_MATCH = YES;
				"CODE_SIGN_IDENTITY[sdk=iphoneos*]" = "iPhone Developer";
				COPY_PHASE_STRIP = NO;
				DEBUG_INFORMATION_FORMAT = "dwarf-with-dsym";
				ENABLE_NS_ASSERTIONS = NO;
				ENABLE_STRICT_OBJC_MSGSEND = YES;
				GCC_C_LANGUAGE_STANDARD = gnu99;
				GCC_NO_COMMON_BLOCKS = YES;
				GCC_WARN_64_TO_32_BIT_CONVERSION = YES;
				GCC_WARN_ABOUT_RETURN_TYPE = YES_ERROR;
				GCC_WARN_UNDECLARED_SELECTOR = YES;
				GCC_WARN_UNINITIALIZED_AUTOS = YES_AGGRESSIVE;
				GCC_WARN_UNUSED_FUNCTION = YES;
				GCC_WARN_UNUSED_VARIABLE = YES;
				IPHONEOS_DEPLOYMENT_TARGET = 10.3;
				MTL_ENABLE_DEBUG_INFO = NO;
				SDKROOT = iphoneos;
				SWIFT_OPTIMIZATION_LEVEL = "-Owholemodule";
				TARGETED_DEVICE_FAMILY = "1,2";
				VALIDATE_PRODUCT = YES;
			};
			name = Release;
		};
		05B9EA851EAE5F54001706E5 /* Debug */ = {
			isa = XCBuildConfiguration;
			buildSettings = {
				ASSETCATALOG_COMPILER_APPICON_NAME = AppIcon;
				CODE_SIGN_ENTITLEMENTS = Telemedicina/Telemedicina.entitlements;
				"CODE_SIGN_IDENTITY[sdk=iphoneos*]" = "iPhone Developer";
				DEVELOPMENT_TEAM = 672N4LBH7M;
				INFOPLIST_FILE = Telemedicina/Info.plist;
				LD_RUNPATH_SEARCH_PATHS = "$(inherited) @executable_path/Frameworks";
				PRODUCT_BUNDLE_IDENTIFIER = hu.sed.healthteam.swiftcourse.Telemedicina;
				PRODUCT_NAME = "$(TARGET_NAME)";
				PROVISIONING_PROFILE = "";
				PROVISIONING_PROFILE_SPECIFIER = "";
				SWIFT_VERSION = 3.0;
			};
			name = Debug;
		};
		05B9EA861EAE5F54001706E5 /* Release */ = {
			isa = XCBuildConfiguration;
			buildSettings = {
				ASSETCATALOG_COMPILER_APPICON_NAME = AppIcon;
				CODE_SIGN_ENTITLEMENTS = Telemedicina/Telemedicina.entitlements;
				"CODE_SIGN_IDENTITY[sdk=iphoneos*]" = "iPhone Developer";
				DEVELOPMENT_TEAM = 672N4LBH7M;
				INFOPLIST_FILE = Telemedicina/Info.plist;
				LD_RUNPATH_SEARCH_PATHS = "$(inherited) @executable_path/Frameworks";
				PRODUCT_BUNDLE_IDENTIFIER = hu.sed.healthteam.swiftcourse.Telemedicina;
				PRODUCT_NAME = "$(TARGET_NAME)";
				PROVISIONING_PROFILE_SPECIFIER = "";
				SWIFT_VERSION = 3.0;
			};
			name = Release;
		};
/* End XCBuildConfiguration section */

/* Begin XCConfigurationList section */
		05B9EA6A1EAE5F54001706E5 /* Build configuration list for PBXProject "Telemedicina" */ = {
			isa = XCConfigurationList;
			buildConfigurations = (
				05B9EA821EAE5F54001706E5 /* Debug */,
				05B9EA831EAE5F54001706E5 /* Release */,
			);
			defaultConfigurationIsVisible = 0;
			defaultConfigurationName = Release;
		};
		05B9EA841EAE5F54001706E5 /* Build configuration list for PBXNativeTarget "Telemedicina" */ = {
			isa = XCConfigurationList;
			buildConfigurations = (
				05B9EA851EAE5F54001706E5 /* Debug */,
				05B9EA861EAE5F54001706E5 /* Release */,
			);
			defaultConfigurationIsVisible = 0;
			defaultConfigurationName = Release;
		};
/* End XCConfigurationList section */

/* Begin XCVersionGroup section */
		05B9EA791EAE5F54001706E5 /* Telemedicina.xcdatamodeld */ = {
			isa = XCVersionGroup;
			children = (
				05B9EA7A1EAE5F54001706E5 /* Telemedicina.xcdatamodel */,
			);
			currentVersion = 05B9EA7A1EAE5F54001706E5 /* Telemedicina.xcdatamodel */;
			path = Telemedicina.xcdatamodeld;
			sourceTree = "<group>";
			versionGroupType = wrapper.xcdatamodel;
		};
/* End XCVersionGroup section */
	};
	rootObject = 05B9EA671EAE5F54001706E5 /* Project object */;
}
